
Microsoft Visual Studio Solution File, Format Version 12.00
# Visual Studio Version 16
VisualStudioVersion = 16.0.30011.22
MinimumVisualStudioVersion = 10.0.40219.1
Project("{9A19103F-16F7-4668-BE54-9A1E7A4F7556}") = "DICOMReporting", "DICOMReporting.csproj", "{276FA20B-3709-4AE0-B2F7-E9EBB859EC7A}"
EndProject
Global
	GlobalSection(SolutionConfigurationPlatforms) = preSolution
		Debug|Any CPU = Debug|Any CPU
		Release|Any CPU = Release|Any CPU
	EndGlobalSection
	GlobalSection(ProjectConfigurationPlatforms) = postSolution
		{276FA20B-3709-4AE0-B2F7-E9EBB859EC7A}.Debug|Any CPU.ActiveCfg = Debug|Any CPU
		{276FA20B-3709-4AE0-B2F7-E9EBB859EC7A}.Debug|Any CPU.Build.0 = Debug|Any CPU
		{276FA20B-3709-4AE0-B2F7-E9EBB859EC7A}.Release|Any CPU.ActiveCfg = Release|Any CPU
		{276FA20B-3709-4AE0-B2F7-E9EBB859EC7A}.Release|Any CPU.Build.0 = Release|Any CPU
	EndGlobalSection
	GlobalSection(SolutionProperties) = preSolution
		HideSolutionNode = FALSE
	EndGlobalSection
	GlobalSection(ExtensibilityGlobals) = postSolution
		SolutionGuid = {FC6C8903-25CD-47EC-B780-34006272C7C5}
	EndGlobalSection
EndGlobal
